
Microsoft Visual Studio Solution File, Format Version 12.00
# Visual Studio Version 16
VisualStudioVersion = 16.0.31229.75
MinimumVisualStudioVersion = 10.0.40219.1
Project("{FAE04EC0-301F-11D3-BF4B-00C04F79EFBC}") = "ChallengeOne_UI", "ChallengeOne_UI\ChallengeOne_UI.csproj", "{BBEE4B70-AEC8-42CF-A4D4-E82883747DE5}"
EndProject
Project("{FAE04EC0-301F-11D3-BF4B-00C04F79EFBC}") = "ChalleneOne.POCOs", "ChalleneOne.POCOs\ChalleneOne.POCOs.csproj", "{161AB173-F1FA-4E52-B79E-C9F11D31E56C}"
EndProject
Project("{FAE04EC0-301F-11D3-BF4B-00C04F79EFBC}") = "ChallengeOne_Repos", "ChallengeOne_Repos\ChallengeOne_Repos.csproj", "{35574106-F035-48F5-84B7-FA34878642C7}"
EndProject
Project("{FAE04EC0-301F-11D3-BF4B-00C04F79EFBC}") = "ChallengeOneUnitTests", "ChallengeOneUnitTests\ChallengeOneUnitTests.csproj", "{CE2BF770-FD10-4C4C-9850-130BDDC45984}"
EndProject
Project("{FAE04EC0-301F-11D3-BF4B-00C04F79EFBC}") = "ChallengeTwo_UI", "ChallengeTwo_UI\ChallengeTwo_UI.csproj", "{97A39A23-9DEA-4C8D-8F1A-A0F3E62E0BE4}"
EndProject
Project("{2150E333-8FDC-42A3-9474-1A3956D46DE8}") = "Challenge1 Cafe", "Challenge1 Cafe", "{95359092-CC2C-4E0E-8E62-4A8149D53A2E}"
EndProject
Project("{2150E333-8FDC-42A3-9474-1A3956D46DE8}") = "Challenge2 Claims", "Challenge2 Claims", "{38FFD80B-12CF-47FD-9CBE-6C70C93167D4}"
EndProject
Project("{FAE04EC0-301F-11D3-BF4B-00C04F79EFBC}") = "ChallengeTwo_Repos", "ChallengeTwo_Repos\ChallengeTwo_Repos.csproj", "{5FBBD069-A247-430C-9264-034E23DF25B8}"
EndProject
Project("{FAE04EC0-301F-11D3-BF4B-00C04F79EFBC}") = "ChallengeTwo_POCO", "ChallengeTwo_POCO\ChallengeTwo_POCO.csproj", "{5DFB9A7E-4B77-4E56-B1AA-3D3F67CC9A32}"
EndProject
Project("{FAE04EC0-301F-11D3-BF4B-00C04F79EFBC}") = "ChallengeTwo_Tests", "ChallengeTwo_Tests\ChallengeTwo_Tests.csproj", "{56F15892-CB4E-4C17-8295-927C67748173}"
EndProject
Project("{2150E333-8FDC-42A3-9474-1A3956D46DE8}") = "Challenge3 Badges", "Challenge3 Badges", "{A726F94B-D116-4095-9BD4-63EB8895EC83}"
EndProject
Project("{FAE04EC0-301F-11D3-BF4B-00C04F79EFBC}") = "ChallengeThree_Pocos", "ChallengeThree_Pocos\ChallengeThree_Pocos.csproj", "{EA1D089C-01F4-4248-900A-A7A826A5761F}"
EndProject
Project("{FAE04EC0-301F-11D3-BF4B-00C04F79EFBC}") = "ChallengeThree_Repos", "ChallengeThree_Repos\ChallengeThree_Repos.csproj", "{CD34732E-9B9C-4C64-AEC7-222486F913AD}"
EndProject
Project("{FAE04EC0-301F-11D3-BF4B-00C04F79EFBC}") = "ChallenegeThree_UI", "ChallenegeThree_UI\ChallenegeThree_UI.csproj", "{2301529B-425B-457A-A636-4C4E1C3B4B39}"
EndProject
Project("{FAE04EC0-301F-11D3-BF4B-00C04F79EFBC}") = "ChallengeThree_UnitTests", "ChallengeThree_UnitTests\ChallengeThree_UnitTests.csproj", "{F885628D-240C-46D9-96E3-5BFB47005F3B}"
EndProject
Global
	GlobalSection(SolutionConfigurationPlatforms) = preSolution
		Debug|Any CPU = Debug|Any CPU
		Release|Any CPU = Release|Any CPU
	EndGlobalSection
	GlobalSection(ProjectConfigurationPlatforms) = postSolution
		{BBEE4B70-AEC8-42CF-A4D4-E82883747DE5}.Debug|Any CPU.ActiveCfg = Debug|Any CPU
		{BBEE4B70-AEC8-42CF-A4D4-E82883747DE5}.Debug|Any CPU.Build.0 = Debug|Any CPU
		{BBEE4B70-AEC8-42CF-A4D4-E82883747DE5}.Release|Any CPU.ActiveCfg = Release|Any CPU
		{BBEE4B70-AEC8-42CF-A4D4-E82883747DE5}.Release|Any CPU.Build.0 = Release|Any CPU
		{161AB173-F1FA-4E52-B79E-C9F11D31E56C}.Debug|Any CPU.ActiveCfg = Debug|Any CPU
		{161AB173-F1FA-4E52-B79E-C9F11D31E56C}.Debug|Any CPU.Build.0 = Debug|Any CPU
		{161AB173-F1FA-4E52-B79E-C9F11D31E56C}.Release|Any CPU.ActiveCfg = Release|Any CPU
		{161AB173-F1FA-4E52-B79E-C9F11D31E56C}.Release|Any CPU.Build.0 = Release|Any CPU
		{35574106-F035-48F5-84B7-FA34878642C7}.Debug|Any CPU.ActiveCfg = Debug|Any CPU
		{35574106-F035-48F5-84B7-FA34878642C7}.Debug|Any CPU.Build.0 = Debug|Any CPU
		{35574106-F035-48F5-84B7-FA34878642C7}.Release|Any CPU.ActiveCfg = Release|Any CPU
		{35574106-F035-48F5-84B7-FA34878642C7}.Release|Any CPU.Build.0 = Release|Any CPU
		{CE2BF770-FD10-4C4C-9850-130BDDC45984}.Debug|Any CPU.ActiveCfg = Debug|Any CPU
		{CE2BF770-FD10-4C4C-9850-130BDDC45984}.Debug|Any CPU.Build.0 = Debug|Any CPU
		{CE2BF770-FD10-4C4C-9850-130BDDC45984}.Release|Any CPU.ActiveCfg = Release|Any CPU
		{CE2BF770-FD10-4C4C-9850-130BDDC45984}.Release|Any CPU.Build.0 = Release|Any CPU
		{97A39A23-9DEA-4C8D-8F1A-A0F3E62E0BE4}.Debug|Any CPU.ActiveCfg = Debug|Any CPU
		{97A39A23-9DEA-4C8D-8F1A-A0F3E62E0BE4}.Debug|Any CPU.Build.0 = Debug|Any CPU
		{97A39A23-9DEA-4C8D-8F1A-A0F3E62E0BE4}.Release|Any CPU.ActiveCfg = Release|Any CPU
		{97A39A23-9DEA-4C8D-8F1A-A0F3E62E0BE4}.Release|Any CPU.Build.0 = Release|Any CPU
		{5FBBD069-A247-430C-9264-034E23DF25B8}.Debug|Any CPU.ActiveCfg = Debug|Any CPU
		{5FBBD069-A247-430C-9264-034E23DF25B8}.Debug|Any CPU.Build.0 = Debug|Any CPU
		{5FBBD069-A247-430C-9264-034E23DF25B8}.Release|Any CPU.ActiveCfg = Release|Any CPU
		{5FBBD069-A247-430C-9264-034E23DF25B8}.Release|Any CPU.Build.0 = Release|Any CPU
		{5DFB9A7E-4B77-4E56-B1AA-3D3F67CC9A32}.Debug|Any CPU.ActiveCfg = Debug|Any CPU
		{5DFB9A7E-4B77-4E56-B1AA-3D3F67CC9A32}.Debug|Any CPU.Build.0 = Debug|Any CPU
		{5DFB9A7E-4B77-4E56-B1AA-3D3F67CC9A32}.Release|Any CPU.ActiveCfg = Release|Any CPU
		{5DFB9A7E-4B77-4E56-B1AA-3D3F67CC9A32}.Release|Any CPU.Build.0 = Release|Any CPU
		{56F15892-CB4E-4C17-8295-927C67748173}.Debug|Any CPU.ActiveCfg = Debug|Any CPU
		{56F15892-CB4E-4C17-8295-927C67748173}.Debug|Any CPU.Build.0 = Debug|Any CPU
		{56F15892-CB4E-4C17-8295-927C67748173}.Release|Any CPU.ActiveCfg = Release|Any CPU
		{56F15892-CB4E-4C17-8295-927C67748173}.Release|Any CPU.Build.0 = Release|Any CPU
		{EA1D089C-01F4-4248-900A-A7A826A5761F}.Debug|Any CPU.ActiveCfg = Debug|Any CPU
		{EA1D089C-01F4-4248-900A-A7A826A5761F}.Debug|Any CPU.Build.0 = Debug|Any CPU
		{EA1D089C-01F4-4248-900A-A7A826A5761F}.Release|Any CPU.ActiveCfg = Release|Any CPU
		{EA1D089C-01F4-4248-900A-A7A826A5761F}.Release|Any CPU.Build.0 = Release|Any CPU
		{CD34732E-9B9C-4C64-AEC7-222486F913AD}.Debug|Any CPU.ActiveCfg = Debug|Any CPU
		{CD34732E-9B9C-4C64-AEC7-222486F913AD}.Debug|Any CPU.Build.0 = Debug|Any CPU
		{CD34732E-9B9C-4C64-AEC7-222486F913AD}.Release|Any CPU.ActiveCfg = Release|Any CPU
		{CD34732E-9B9C-4C64-AEC7-222486F913AD}.Release|Any CPU.Build.0 = Release|Any CPU
		{2301529B-425B-457A-A636-4C4E1C3B4B39}.Debug|Any CPU.ActiveCfg = Debug|Any CPU
		{2301529B-425B-457A-A636-4C4E1C3B4B39}.Debug|Any CPU.Build.0 = Debug|Any CPU
		{2301529B-425B-457A-A636-4C4E1C3B4B39}.Release|Any CPU.ActiveCfg = Release|Any CPU
		{2301529B-425B-457A-A636-4C4E1C3B4B39}.Release|Any CPU.Build.0 = Release|Any CPU
		{F885628D-240C-46D9-96E3-5BFB47005F3B}.Debug|Any CPU.ActiveCfg = Debug|Any CPU
		{F885628D-240C-46D9-96E3-5BFB47005F3B}.Debug|Any CPU.Build.0 = Debug|Any CPU
		{F885628D-240C-46D9-96E3-5BFB47005F3B}.Release|Any CPU.ActiveCfg = Release|Any CPU
		{F885628D-240C-46D9-96E3-5BFB47005F3B}.Release|Any CPU.Build.0 = Release|Any CPU
	EndGlobalSection
	GlobalSection(SolutionProperties) = preSolution
		HideSolutionNode = FALSE
	EndGlobalSection
	GlobalSection(NestedProjects) = preSolution
		{BBEE4B70-AEC8-42CF-A4D4-E82883747DE5} = {95359092-CC2C-4E0E-8E62-4A8149D53A2E}
		{161AB173-F1FA-4E52-B79E-C9F11D31E56C} = {95359092-CC2C-4E0E-8E62-4A8149D53A2E}
		{35574106-F035-48F5-84B7-FA34878642C7} = {95359092-CC2C-4E0E-8E62-4A8149D53A2E}
		{CE2BF770-FD10-4C4C-9850-130BDDC45984} = {95359092-CC2C-4E0E-8E62-4A8149D53A2E}
		{97A39A23-9DEA-4C8D-8F1A-A0F3E62E0BE4} = {38FFD80B-12CF-47FD-9CBE-6C70C93167D4}
		{5FBBD069-A247-430C-9264-034E23DF25B8} = {38FFD80B-12CF-47FD-9CBE-6C70C93167D4}
		{5DFB9A7E-4B77-4E56-B1AA-3D3F67CC9A32} = {38FFD80B-12CF-47FD-9CBE-6C70C93167D4}
		{56F15892-CB4E-4C17-8295-927C67748173} = {38FFD80B-12CF-47FD-9CBE-6C70C93167D4}
		{EA1D089C-01F4-4248-900A-A7A826A5761F} = {A726F94B-D116-4095-9BD4-63EB8895EC83}
		{CD34732E-9B9C-4C64-AEC7-222486F913AD} = {A726F94B-D116-4095-9BD4-63EB8895EC83}
		{2301529B-425B-457A-A636-4C4E1C3B4B39} = {A726F94B-D116-4095-9BD4-63EB8895EC83}
		{F885628D-240C-46D9-96E3-5BFB47005F3B} = {A726F94B-D116-4095-9BD4-63EB8895EC83}
	EndGlobalSection
	GlobalSection(ExtensibilityGlobals) = postSolution
		SolutionGuid = {5B515749-0988-436D-A477-CD271B9DA600}
	EndGlobalSection
EndGlobal
